
Microsoft Visual Studio Solution File, Format Version 12.00
# Visual Studio Version 16
VisualStudioVersion = 16.0.32126.315
MinimumVisualStudioVersion = 10.0.40219.1
Project("{FAE04EC0-301F-11D3-BF4B-00C04F79EFBC}") = "Blog-Project-MVC", "Blog-Project-MVC\Blog-Project-MVC.csproj", "{69F53E07-9AE8-4DF5-9FD6-2DB8BF02ED74}"
EndProject
Global
	GlobalSection(SolutionConfigurationPlatforms) = preSolution
		Debug|Any CPU = Debug|Any CPU
		Release|Any CPU = Release|Any CPU
	EndGlobalSection
	GlobalSection(ProjectConfigurationPlatforms) = postSolution
		{69F53E07-9AE8-4DF5-9FD6-2DB8BF02ED74}.Debug|Any CPU.ActiveCfg = Debug|Any CPU
		{69F53E07-9AE8-4DF5-9FD6-2DB8BF02ED74}.Debug|Any CPU.Build.0 = Debug|Any CPU
		{69F53E07-9AE8-4DF5-9FD6-2DB8BF02ED74}.Release|Any CPU.ActiveCfg = Release|Any CPU
		{69F53E07-9AE8-4DF5-9FD6-2DB8BF02ED74}.Release|Any CPU.Build.0 = Release|Any CPU
	EndGlobalSection
	GlobalSection(SolutionProperties) = preSolution
		HideSolutionNode = FALSE
	EndGlobalSection
	GlobalSection(ExtensibilityGlobals) = postSolution
		SolutionGuid = {37C99EE0-A55D-4A6C-B083-2A65FE828D09}
	EndGlobalSection
EndGlobal
